
Microsoft Visual Studio Solution File, Format Version 12.00
# Visual Studio 15
VisualStudioVersion = 15.0.27004.2006
MinimumVisualStudioVersion = 10.0.40219.1
Project("{FAE04EC0-301F-11D3-BF4B-00C04F79EFBC}") = "VSIXInteropFormsToolkit", "VSIXInteropFormsToolkit\VSIXInteropFormsToolkit.csproj", "{D1750130-1B60-4312-8AB7-AA1F89D416AC}"
EndProject
Global
	GlobalSection(SolutionConfigurationPlatforms) = preSolution
		Debug|Any CPU = Debug|Any CPU
		Release|Any CPU = Release|Any CPU
	EndGlobalSection
	GlobalSection(ProjectConfigurationPlatforms) = postSolution
		{D1750130-1B60-4312-8AB7-AA1F89D416AC}.Debug|Any CPU.ActiveCfg = Debug|Any CPU
		{D1750130-1B60-4312-8AB7-AA1F89D416AC}.Debug|Any CPU.Build.0 = Debug|Any CPU
		{D1750130-1B60-4312-8AB7-AA1F89D416AC}.Release|Any CPU.ActiveCfg = Release|Any CPU
		{D1750130-1B60-4312-8AB7-AA1F89D416AC}.Release|Any CPU.Build.0 = Release|Any CPU
	EndGlobalSection
	GlobalSection(SolutionProperties) = preSolution
		HideSolutionNode = FALSE
	EndGlobalSection
	GlobalSection(ExtensibilityGlobals) = postSolution
		SolutionGuid = {3256C6EB-86B8-4A64-BDF8-A9FC59E0F1B0}
	EndGlobalSection
EndGlobal
