
Microsoft Visual Studio Solution File, Format Version 9.00
# Visual Studio 2005
Project("{F184B08F-C81C-45F6-A57F-5ABD9991F28F}") = "HybridAppControls", "HybridAppControls\HybridAppControls.vbproj", "{C0AD2CC7-EF78-4C0C-802D-EBF3D91E3E7C}"
EndProject
Project("{F184B08F-C81C-45F6-A57F-5ABD9991F28F}") = "HybridAppForm", "HybridAppForm\HybridAppForm.vbproj", "{EB1B6C75-6BE6-4F25-911B-262D615C8534}"
EndProject
Global
	GlobalSection(SolutionConfigurationPlatforms) = preSolution
		Debug|Any CPU = Debug|Any CPU
		Release|Any CPU = Release|Any CPU
	EndGlobalSection
	GlobalSection(ProjectConfigurationPlatforms) = postSolution
		{C0AD2CC7-EF78-4C0C-802D-EBF3D91E3E7C}.Debug|Any CPU.ActiveCfg = Debug|Any CPU
		{C0AD2CC7-EF78-4C0C-802D-EBF3D91E3E7C}.Debug|Any CPU.Build.0 = Debug|Any CPU
		{C0AD2CC7-EF78-4C0C-802D-EBF3D91E3E7C}.Release|Any CPU.ActiveCfg = Release|Any CPU
		{C0AD2CC7-EF78-4C0C-802D-EBF3D91E3E7C}.Release|Any CPU.Build.0 = Release|Any CPU
		{EB1B6C75-6BE6-4F25-911B-262D615C8534}.Debug|Any CPU.ActiveCfg = Debug|Any CPU
		{EB1B6C75-6BE6-4F25-911B-262D615C8534}.Debug|Any CPU.Build.0 = Debug|Any CPU
		{EB1B6C75-6BE6-4F25-911B-262D615C8534}.Release|Any CPU.ActiveCfg = Release|Any CPU
		{EB1B6C75-6BE6-4F25-911B-262D615C8534}.Release|Any CPU.Build.0 = Release|Any CPU
	EndGlobalSection
	GlobalSection(SolutionProperties) = preSolution
		HideSolutionNode = FALSE
	EndGlobalSection
EndGlobal
